// !$*UTF8*$!
{
	archiveVersion = 1;
	classes = {
	};
	objectVersion = 50;
	objects = {

/* Begin PBXBuildFile section */
		D930363D2462D8CE00DBDB12 /* MatchCollectionViewCell.swift in Sources */ = {isa = PBXBuildFile; fileRef = D930363B2462D8CE00DBDB12 /* MatchCollectionViewCell.swift */; };
		D930363E2462D8CE00DBDB12 /* MatchCollectionViewCell.xib in Resources */ = {isa = PBXBuildFile; fileRef = D930363C2462D8CE00DBDB12 /* MatchCollectionViewCell.xib */; };
		D95B5D29247D332000A12A6A /* Mypage.storyboard in Resources */ = {isa = PBXBuildFile; fileRef = D95B5D28247D332000A12A6A /* Mypage.storyboard */; };
		D95B5D2C247D335100A12A6A /* MypageViewController.swift in Sources */ = {isa = PBXBuildFile; fileRef = D95B5D2B247D335100A12A6A /* MypageViewController.swift */; };
		D95B5D2F247D372700A12A6A /* MypageTableViewCell.swift in Sources */ = {isa = PBXBuildFile; fileRef = D95B5D2E247D372700A12A6A /* MypageTableViewCell.swift */; };
		D97CAA9D2462C92E00943930 /* Predict.swift in Sources */ = {isa = PBXBuildFile; fileRef = D97CAA9C2462C92E00943930 /* Predict.swift */; };
		D97CAA9F2462C93A00943930 /* PredictServices.swift in Sources */ = {isa = PBXBuildFile; fileRef = D97CAA9E2462C93A00943930 /* PredictServices.swift */; };
		D97CAAA32462CDDD00943930 /* ServerString.swift in Sources */ = {isa = PBXBuildFile; fileRef = D97CAAA22462CDDD00943930 /* ServerString.swift */; };
		D9851C58247AADD300DE7D60 /* Login.storyboard in Resources */ = {isa = PBXBuildFile; fileRef = D9851C57247AADD200DE7D60 /* Login.storyboard */; };
		D9851C5C247AAE1300DE7D60 /* LoginViewController.swift in Sources */ = {isa = PBXBuildFile; fileRef = D9851C5B247AAE1300DE7D60 /* LoginViewController.swift */; };
		D9851C5E247ABAE400DE7D60 /* Chat.storyboard in Resources */ = {isa = PBXBuildFile; fileRef = D9851C5D247ABAE400DE7D60 /* Chat.storyboard */; };
		D9851C61247ABB7F00DE7D60 /* ChatRoomViewController.swift in Sources */ = {isa = PBXBuildFile; fileRef = D9851C60247ABB7F00DE7D60 /* ChatRoomViewController.swift */; };
		D9851C63247ABBC700DE7D60 /* Tabbar.storyboard in Resources */ = {isa = PBXBuildFile; fileRef = D9851C62247ABBC700DE7D60 /* Tabbar.storyboard */; };
		D9C7FD1724446B8E0057AE15 /* CustomTextView.swift in Sources */ = {isa = PBXBuildFile; fileRef = D9C7FD1624446B8E0057AE15 /* CustomTextView.swift */; };
		D9C7FD192444A14D0057AE15 /* WaitingViewController.swift in Sources */ = {isa = PBXBuildFile; fileRef = D9C7FD182444A14D0057AE15 /* WaitingViewController.swift */; };
		D9C7FD1B2444A1D80057AE15 /* CustomView.swift in Sources */ = {isa = PBXBuildFile; fileRef = D9C7FD1A2444A1D80057AE15 /* CustomView.swift */; };
		D9C982322444A9980078EF42 /* ResultViewController.swift in Sources */ = {isa = PBXBuildFile; fileRef = D9C982312444A9980078EF42 /* ResultViewController.swift */; };
		D9E34F9B244459AA00626EBA /* AppDelegate.swift in Sources */ = {isa = PBXBuildFile; fileRef = D9E34F9A244459AA00626EBA /* AppDelegate.swift */; };
		D9E34F9D244459AA00626EBA /* SceneDelegate.swift in Sources */ = {isa = PBXBuildFile; fileRef = D9E34F9C244459AA00626EBA /* SceneDelegate.swift */; };
		D9E34FA2244459AA00626EBA /* Main.storyboard in Resources */ = {isa = PBXBuildFile; fileRef = D9E34FA0244459AA00626EBA /* Main.storyboard */; };
		D9E34FA4244459AE00626EBA /* Assets.xcassets in Resources */ = {isa = PBXBuildFile; fileRef = D9E34FA3244459AE00626EBA /* Assets.xcassets */; };
		D9E34FA7244459AE00626EBA /* LaunchScreen.storyboard in Resources */ = {isa = PBXBuildFile; fileRef = D9E34FA5244459AE00626EBA /* LaunchScreen.storyboard */; };
		D9E34FB52444670A00626EBA /* WriteConcernViewController.swift in Sources */ = {isa = PBXBuildFile; fileRef = D9E34FB42444670A00626EBA /* WriteConcernViewController.swift */; };
		DDB84716AEC9AB401D28E2E2 /* libPods-MatchingService.a in Frameworks */ = {isa = PBXBuildFile; fileRef = F39A69BF9C4BA57CD30AC04C /* libPods-MatchingService.a */; };
/* End PBXBuildFile section */

/* Begin PBXFileReference section */
		065170C298C2005CE32CED59 /* Pods-MatchingService.debug.xcconfig */ = {isa = PBXFileReference; includeInIndex = 1; lastKnownFileType = text.xcconfig; name = "Pods-MatchingService.debug.xcconfig"; path = "Target Support Files/Pods-MatchingService/Pods-MatchingService.debug.xcconfig"; sourceTree = "<group>"; };
		D93036322462CE4400DBDB12 /* Alamofire.framework */ = {isa = PBXFileReference; explicitFileType = wrapper.framework; path = Alamofire.framework; sourceTree = BUILT_PRODUCTS_DIR; };
		D93036362462D2DA00DBDB12 /* Alamofire.framework */ = {isa = PBXFileReference; explicitFileType = wrapper.framework; path = Alamofire.framework; sourceTree = BUILT_PRODUCTS_DIR; };
		D930363B2462D8CE00DBDB12 /* MatchCollectionViewCell.swift */ = {isa = PBXFileReference; lastKnownFileType = sourcecode.swift; path = MatchCollectionViewCell.swift; sourceTree = "<group>"; };
		D930363C2462D8CE00DBDB12 /* MatchCollectionViewCell.xib */ = {isa = PBXFileReference; lastKnownFileType = file.xib; path = MatchCollectionViewCell.xib; sourceTree = "<group>"; };
		D95B5D28247D332000A12A6A /* Mypage.storyboard */ = {isa = PBXFileReference; lastKnownFileType = file.storyboard; path = Mypage.storyboard; sourceTree = "<group>"; };
		D95B5D2B247D335100A12A6A /* MypageViewController.swift */ = {isa = PBXFileReference; lastKnownFileType = sourcecode.swift; path = MypageViewController.swift; sourceTree = "<group>"; };
		D95B5D2E247D372700A12A6A /* MypageTableViewCell.swift */ = {isa = PBXFileReference; lastKnownFileType = sourcecode.swift; path = MypageTableViewCell.swift; sourceTree = "<group>"; };
		D97CAA9C2462C92E00943930 /* Predict.swift */ = {isa = PBXFileReference; lastKnownFileType = sourcecode.swift; path = Predict.swift; sourceTree = "<group>"; };
		D97CAA9E2462C93A00943930 /* PredictServices.swift */ = {isa = PBXFileReference; lastKnownFileType = sourcecode.swift; path = PredictServices.swift; sourceTree = "<group>"; };
		D97CAAA22462CDDD00943930 /* ServerString.swift */ = {isa = PBXFileReference; lastKnownFileType = sourcecode.swift; path = ServerString.swift; sourceTree = "<group>"; };
		D9851C57247AADD200DE7D60 /* Login.storyboard */ = {isa = PBXFileReference; lastKnownFileType = file.storyboard; path = Login.storyboard; sourceTree = "<group>"; };
		D9851C5B247AAE1300DE7D60 /* LoginViewController.swift */ = {isa = PBXFileReference; lastKnownFileType = sourcecode.swift; path = LoginViewController.swift; sourceTree = "<group>"; };
		D9851C5D247ABAE400DE7D60 /* Chat.storyboard */ = {isa = PBXFileReference; lastKnownFileType = file.storyboard; path = Chat.storyboard; sourceTree = "<group>"; };
		D9851C60247ABB7F00DE7D60 /* ChatRoomViewController.swift */ = {isa = PBXFileReference; lastKnownFileType = sourcecode.swift; path = ChatRoomViewController.swift; sourceTree = "<group>"; };
		D9851C62247ABBC700DE7D60 /* Tabbar.storyboard */ = {isa = PBXFileReference; lastKnownFileType = file.storyboard; path = Tabbar.storyboard; sourceTree = "<group>"; };
		D9C7FD1624446B8E0057AE15 /* CustomTextView.swift */ = {isa = PBXFileReference; lastKnownFileType = sourcecode.swift; path = CustomTextView.swift; sourceTree = "<group>"; };
		D9C7FD182444A14D0057AE15 /* WaitingViewController.swift */ = {isa = PBXFileReference; lastKnownFileType = sourcecode.swift; path = WaitingViewController.swift; sourceTree = "<group>"; };
		D9C7FD1A2444A1D80057AE15 /* CustomView.swift */ = {isa = PBXFileReference; lastKnownFileType = sourcecode.swift; path = CustomView.swift; sourceTree = "<group>"; };
		D9C982312444A9980078EF42 /* ResultViewController.swift */ = {isa = PBXFileReference; lastKnownFileType = sourcecode.swift; path = ResultViewController.swift; sourceTree = "<group>"; };
		D9E34F97244459AA00626EBA /* MatchingService.app */ = {isa = PBXFileReference; explicitFileType = wrapper.application; includeInIndex = 0; path = MatchingService.app; sourceTree = BUILT_PRODUCTS_DIR; };
		D9E34F9A244459AA00626EBA /* AppDelegate.swift */ = {isa = PBXFileReference; lastKnownFileType = sourcecode.swift; path = AppDelegate.swift; sourceTree = "<group>"; };
		D9E34F9C244459AA00626EBA /* SceneDelegate.swift */ = {isa = PBXFileReference; lastKnownFileType = sourcecode.swift; path = SceneDelegate.swift; sourceTree = "<group>"; };
		D9E34FA1244459AA00626EBA /* Base */ = {isa = PBXFileReference; lastKnownFileType = file.storyboard; name = Base; path = Base.lproj/Main.storyboard; sourceTree = "<group>"; };
		D9E34FA3244459AE00626EBA /* Assets.xcassets */ = {isa = PBXFileReference; lastKnownFileType = folder.assetcatalog; path = Assets.xcassets; sourceTree = "<group>"; };
		D9E34FA6244459AE00626EBA /* Base */ = {isa = PBXFileReference; lastKnownFileType = file.storyboard; name = Base; path = Base.lproj/LaunchScreen.storyboard; sourceTree = "<group>"; };
		D9E34FA8244459AE00626EBA /* Info.plist */ = {isa = PBXFileReference; lastKnownFileType = text.plist.xml; path = Info.plist; sourceTree = "<group>"; };
		D9E34FB42444670A00626EBA /* WriteConcernViewController.swift */ = {isa = PBXFileReference; lastKnownFileType = sourcecode.swift; path = WriteConcernViewController.swift; sourceTree = "<group>"; };
		DB1B97431C4F0A722F3AC775 /* Pods-MatchingService.release.xcconfig */ = {isa = PBXFileReference; includeInIndex = 1; lastKnownFileType = text.xcconfig; name = "Pods-MatchingService.release.xcconfig"; path = "Target Support Files/Pods-MatchingService/Pods-MatchingService.release.xcconfig"; sourceTree = "<group>"; };
		F39A69BF9C4BA57CD30AC04C /* libPods-MatchingService.a */ = {isa = PBXFileReference; explicitFileType = archive.ar; includeInIndex = 0; path = "libPods-MatchingService.a"; sourceTree = BUILT_PRODUCTS_DIR; };
/* End PBXFileReference section */

/* Begin PBXFrameworksBuildPhase section */
		D9E34F94244459AA00626EBA /* Frameworks */ = {
			isa = PBXFrameworksBuildPhase;
			buildActionMask = 2147483647;
			files = (
				DDB84716AEC9AB401D28E2E2 /* libPods-MatchingService.a in Frameworks */,
			);
			runOnlyForDeploymentPostprocessing = 0;
		};
/* End PBXFrameworksBuildPhase section */

/* Begin PBXGroup section */
		D1B6298CAD1F3248DD4BFD7A /* Frameworks */ = {
			isa = PBXGroup;
			children = (
				D93036362462D2DA00DBDB12 /* Alamofire.framework */,
				D93036322462CE4400DBDB12 /* Alamofire.framework */,
				F39A69BF9C4BA57CD30AC04C /* libPods-MatchingService.a */,
			);
			name = Frameworks;
			sourceTree = "<group>";
		};
		D35E448396212B2F8BAF184B /* Pods */ = {
			isa = PBXGroup;
			children = (
				065170C298C2005CE32CED59 /* Pods-MatchingService.debug.xcconfig */,
				DB1B97431C4F0A722F3AC775 /* Pods-MatchingService.release.xcconfig */,
			);
			path = Pods;
			sourceTree = "<group>";
		};
		D930363A2462D8AC00DBDB12 /* views */ = {
			isa = PBXGroup;
			children = (
				D930363B2462D8CE00DBDB12 /* MatchCollectionViewCell.swift */,
				D930363C2462D8CE00DBDB12 /* MatchCollectionViewCell.xib */,
			);
			path = views;
			sourceTree = "<group>";
		};
		D95B5D2A247D333400A12A6A /* Mypage */ = {
			isa = PBXGroup;
			children = (
				D95B5D2D247D371700A12A6A /* views */,
				D95B5D2B247D335100A12A6A /* MypageViewController.swift */,
			);
			path = Mypage;
			sourceTree = "<group>";
		};
		D95B5D2D247D371700A12A6A /* views */ = {
			isa = PBXGroup;
			children = (
				D95B5D2E247D372700A12A6A /* MypageTableViewCell.swift */,
			);
			path = views;
			sourceTree = "<group>";
		};
		D97CAA9B2462C91100943930 /* models */ = {
			isa = PBXGroup;
			children = (
				D97CAA9C2462C92E00943930 /* Predict.swift */,
			);
			path = models;
			sourceTree = "<group>";
		};
		D9851C59247AADF700DE7D60 /* Login */ = {
			isa = PBXGroup;
			children = (
				D9851C5B247AAE1300DE7D60 /* LoginViewController.swift */,
			);
			path = Login;
			sourceTree = "<group>";
		};
		D9851C5A247AADFC00DE7D60 /* Main */ = {
			isa = PBXGroup;
			children = (
				D930363A2462D8AC00DBDB12 /* views */,
				D9E34FB42444670A00626EBA /* WriteConcernViewController.swift */,
				D9C7FD182444A14D0057AE15 /* WaitingViewController.swift */,
				D9C982312444A9980078EF42 /* ResultViewController.swift */,
			);
			path = Main;
			sourceTree = "<group>";
		};
		D9851C5F247ABB6E00DE7D60 /* Chat */ = {
			isa = PBXGroup;
			children = (
				D9851C60247ABB7F00DE7D60 /* ChatRoomViewController.swift */,
			);
			path = Chat;
			sourceTree = "<group>";
		};
		D9E34F8E244459AA00626EBA = {
			isa = PBXGroup;
			children = (
				D9E34F99244459AA00626EBA /* MatchingService */,
				D9E34F98244459AA00626EBA /* Products */,
				D35E448396212B2F8BAF184B /* Pods */,
				D1B6298CAD1F3248DD4BFD7A /* Frameworks */,
			);
			sourceTree = "<group>";
		};
		D9E34F98244459AA00626EBA /* Products */ = {
			isa = PBXGroup;
			children = (
				D9E34F97244459AA00626EBA /* MatchingService.app */,
			);
			name = Products;
			sourceTree = "<group>";
		};
		D9E34F99244459AA00626EBA /* MatchingService */ = {
			isa = PBXGroup;
			children = (
				D97CAA9B2462C91100943930 /* models */,
				D9E34FB0244459C800626EBA /* networking */,
				D9E34FAF244459C200626EBA /* storyboards */,
				D9E34FAE244459B600626EBA /* view controllers */,
				D9E34FB1244459CF00626EBA /* supporting files */,
			);
			path = MatchingService;
			sourceTree = "<group>";
		};
		D9E34FAE244459B600626EBA /* view controllers */ = {
			isa = PBXGroup;
			children = (
				D9851C59247AADF700DE7D60 /* Login */,
				D9851C5A247AADFC00DE7D60 /* Main */,
				D9851C5F247ABB6E00DE7D60 /* Chat */,
				D95B5D2A247D333400A12A6A /* Mypage */,
			);
			path = "view controllers";
			sourceTree = "<group>";
		};
		D9E34FAF244459C200626EBA /* storyboards */ = {
			isa = PBXGroup;
			children = (
				D9851C57247AADD200DE7D60 /* Login.storyboard */,
				D9851C62247ABBC700DE7D60 /* Tabbar.storyboard */,
				D9E34FA0244459AA00626EBA /* Main.storyboard */,
				D9851C5D247ABAE400DE7D60 /* Chat.storyboard */,
				D95B5D28247D332000A12A6A /* Mypage.storyboard */,
			);
			path = storyboards;
			sourceTree = "<group>";
		};
		D9E34FB0244459C800626EBA /* networking */ = {
			isa = PBXGroup;
			children = (
				D97CAA9E2462C93A00943930 /* PredictServices.swift */,
			);
			path = networking;
			sourceTree = "<group>";
		};
		D9E34FB1244459CF00626EBA /* supporting files */ = {
			isa = PBXGroup;
			children = (
				D9E34F9A244459AA00626EBA /* AppDelegate.swift */,
				D9E34F9C244459AA00626EBA /* SceneDelegate.swift */,
				D9E34FA3244459AE00626EBA /* Assets.xcassets */,
				D9E34FA5244459AE00626EBA /* LaunchScreen.storyboard */,
				D9E34FA8244459AE00626EBA /* Info.plist */,
				D9C7FD1624446B8E0057AE15 /* CustomTextView.swift */,
				D9C7FD1A2444A1D80057AE15 /* CustomView.swift */,
				D97CAAA22462CDDD00943930 /* ServerString.swift */,
			);
			path = "supporting files";
			sourceTree = "<group>";
		};
/* End PBXGroup section */

/* Begin PBXNativeTarget section */
		D9E34F96244459AA00626EBA /* MatchingService */ = {
			isa = PBXNativeTarget;
			buildConfigurationList = D9E34FAB244459AE00626EBA /* Build configuration list for PBXNativeTarget "MatchingService" */;
			buildPhases = (
				1DAB63A059DC7B4D4ED7E9B1 /* [CP] Check Pods Manifest.lock */,
				D9E34F93244459AA00626EBA /* Sources */,
				D9E34F94244459AA00626EBA /* Frameworks */,
				D9E34F95244459AA00626EBA /* Resources */,
			);
			buildRules = (
			);
			dependencies = (
			);
			name = MatchingService;
			productName = MatchingService;
			productReference = D9E34F97244459AA00626EBA /* MatchingService.app */;
			productType = "com.apple.product-type.application";
		};
/* End PBXNativeTarget section */

/* Begin PBXProject section */
		D9E34F8F244459AA00626EBA /* Project object */ = {
			isa = PBXProject;
			attributes = {
				LastSwiftUpdateCheck = 1130;
				LastUpgradeCheck = 1130;
				ORGANIZATIONNAME = zhi;
				TargetAttributes = {
					D9E34F96244459AA00626EBA = {
						CreatedOnToolsVersion = 11.3;
					};
				};
			};
			buildConfigurationList = D9E34F92244459AA00626EBA /* Build configuration list for PBXProject "MatchingService" */;
			compatibilityVersion = "Xcode 9.3";
			developmentRegion = en;
			hasScannedForEncodings = 0;
			knownRegions = (
				en,
				Base,
			);
			mainGroup = D9E34F8E244459AA00626EBA;
			productRefGroup = D9E34F98244459AA00626EBA /* Products */;
			projectDirPath = "";
			projectRoot = "";
			targets = (
				D9E34F96244459AA00626EBA /* MatchingService */,
			);
		};
/* End PBXProject section */

/* Begin PBXResourcesBuildPhase section */
		D9E34F95244459AA00626EBA /* Resources */ = {
			isa = PBXResourcesBuildPhase;
			buildActionMask = 2147483647;
			files = (
				D9851C5E247ABAE400DE7D60 /* Chat.storyboard in Resources */,
				D930363E2462D8CE00DBDB12 /* MatchCollectionViewCell.xib in Resources */,
				D9E34FA7244459AE00626EBA /* LaunchScreen.storyboard in Resources */,
				D95B5D29247D332000A12A6A /* Mypage.storyboard in Resources */,
				D9E34FA4244459AE00626EBA /* Assets.xcassets in Resources */,
				D9851C58247AADD300DE7D60 /* Login.storyboard in Resources */,
				D9851C63247ABBC700DE7D60 /* Tabbar.storyboard in Resources */,
				D9E34FA2244459AA00626EBA /* Main.storyboard in Resources */,
			);
			runOnlyForDeploymentPostprocessing = 0;
		};
/* End PBXResourcesBuildPhase section */

/* Begin PBXShellScriptBuildPhase section */
		1DAB63A059DC7B4D4ED7E9B1 /* [CP] Check Pods Manifest.lock */ = {
			isa = PBXShellScriptBuildPhase;
			buildActionMask = 2147483647;
			files = (
			);
			inputFileListPaths = (
			);
			inputPaths = (
				"${PODS_PODFILE_DIR_PATH}/Podfile.lock",
				"${PODS_ROOT}/Manifest.lock",
			);
			name = "[CP] Check Pods Manifest.lock";
			outputFileListPaths = (
			);
			outputPaths = (
				"$(DERIVED_FILE_DIR)/Pods-MatchingService-checkManifestLockResult.txt",
			);
			runOnlyForDeploymentPostprocessing = 0;
			shellPath = /bin/sh;
			shellScript = "diff \"${PODS_PODFILE_DIR_PATH}/Podfile.lock\" \"${PODS_ROOT}/Manifest.lock\" > /dev/null\nif [ $? != 0 ] ; then\n    # print error to STDERR\n    echo \"error: The sandbox is not in sync with the Podfile.lock. Run 'pod install' or update your CocoaPods installation.\" >&2\n    exit 1\nfi\n# This output is used by Xcode 'outputs' to avoid re-running this script phase.\necho \"SUCCESS\" > \"${SCRIPT_OUTPUT_FILE_0}\"\n";
			showEnvVarsInLog = 0;
		};
/* End PBXShellScriptBuildPhase section */

/* Begin PBXSourcesBuildPhase section */
		D9E34F93244459AA00626EBA /* Sources */ = {
			isa = PBXSourcesBuildPhase;
			buildActionMask = 2147483647;
			files = (
				D9851C5C247AAE1300DE7D60 /* LoginViewController.swift in Sources */,
				D9C7FD192444A14D0057AE15 /* WaitingViewController.swift in Sources */,
				D930363D2462D8CE00DBDB12 /* MatchCollectionViewCell.swift in Sources */,
				D9E34FB52444670A00626EBA /* WriteConcernViewController.swift in Sources */,
				D9C982322444A9980078EF42 /* ResultViewController.swift in Sources */,
				D9851C61247ABB7F00DE7D60 /* ChatRoomViewController.swift in Sources */,
				D97CAA9D2462C92E00943930 /* Predict.swift in Sources */,
				D9E34F9B244459AA00626EBA /* AppDelegate.swift in Sources */,
				D97CAA9F2462C93A00943930 /* PredictServices.swift in Sources */,
				D95B5D2C247D335100A12A6A /* MypageViewController.swift in Sources */,
				D9C7FD1B2444A1D80057AE15 /* CustomView.swift in Sources */,
				D97CAAA32462CDDD00943930 /* ServerString.swift in Sources */,
				D9C7FD1724446B8E0057AE15 /* CustomTextView.swift in Sources */,
				D9E34F9D244459AA00626EBA /* SceneDelegate.swift in Sources */,
				D95B5D2F247D372700A12A6A /* MypageTableViewCell.swift in Sources */,
			);
			runOnlyForDeploymentPostprocessing = 0;
		};
/* End PBXSourcesBuildPhase section */

/* Begin PBXVariantGroup section */
		D9E34FA0244459AA00626EBA /* Main.storyboard */ = {
			isa = PBXVariantGroup;
			children = (
				D9E34FA1244459AA00626EBA /* Base */,
			);
			name = Main.storyboard;
			sourceTree = "<group>";
		};
		D9E34FA5244459AE00626EBA /* LaunchScreen.storyboard */ = {
			isa = PBXVariantGroup;
			children = (
				D9E34FA6244459AE00626EBA /* Base */,
			);
			name = LaunchScreen.storyboard;
			sourceTree = "<group>";
		};
/* End PBXVariantGroup section */

/* Begin XCBuildConfiguration section */
		D9E34FA9244459AE00626EBA /* Debug */ = {
			isa = XCBuildConfiguration;
			buildSettings = {
				ALWAYS_SEARCH_USER_PATHS = NO;
				CLANG_ANALYZER_NONNULL = YES;
				CLANG_ANALYZER_NUMBER_OBJECT_CONVERSION = YES_AGGRESSIVE;
				CLANG_CXX_LANGUAGE_STANDARD = "gnu++14";
				CLANG_CXX_LIBRARY = "libc++";
				CLANG_ENABLE_MODULES = YES;
				CLANG_ENABLE_OBJC_ARC = YES;
				CLANG_ENABLE_OBJC_WEAK = YES;
				CLANG_WARN_BLOCK_CAPTURE_AUTORELEASING = YES;
				CLANG_WARN_BOOL_CONVERSION = YES;
				CLANG_WARN_COMMA = YES;
				CLANG_WARN_CONSTANT_CONVERSION = YES;
				CLANG_WARN_DEPRECATED_OBJC_IMPLEMENTATIONS = YES;
				CLANG_WARN_DIRECT_OBJC_ISA_USAGE = YES_ERROR;
				CLANG_WARN_DOCUMENTATION_COMMENTS = YES;
				CLANG_WARN_EMPTY_BODY = YES;
				CLANG_WARN_ENUM_CONVERSION = YES;
				CLANG_WARN_INFINITE_RECURSION = YES;
				CLANG_WARN_INT_CONVERSION = YES;
				CLANG_WARN_NON_LITERAL_NULL_CONVERSION = YES;
				CLANG_WARN_OBJC_IMPLICIT_RETAIN_SELF = YES;
				CLANG_WARN_OBJC_LITERAL_CONVERSION = YES;
				CLANG_WARN_OBJC_ROOT_CLASS = YES_ERROR;
				CLANG_WARN_RANGE_LOOP_ANALYSIS = YES;
				CLANG_WARN_STRICT_PROTOTYPES = YES;
				CLANG_WARN_SUSPICIOUS_MOVE = YES;
				CLANG_WARN_UNGUARDED_AVAILABILITY = YES_AGGRESSIVE;
				CLANG_WARN_UNREACHABLE_CODE = YES;
				CLANG_WARN__DUPLICATE_METHOD_MATCH = YES;
				COPY_PHASE_STRIP = NO;
				DEBUG_INFORMATION_FORMAT = dwarf;
				ENABLE_STRICT_OBJC_MSGSEND = YES;
				ENABLE_TESTABILITY = YES;
				GCC_C_LANGUAGE_STANDARD = gnu11;
				GCC_DYNAMIC_NO_PIC = NO;
				GCC_NO_COMMON_BLOCKS = YES;
				GCC_OPTIMIZATION_LEVEL = 0;
				GCC_PREPROCESSOR_DEFINITIONS = (
					"DEBUG=1",
					"$(inherited)",
				);
				GCC_WARN_64_TO_32_BIT_CONVERSION = YES;
				GCC_WARN_ABOUT_RETURN_TYPE = YES_ERROR;
				GCC_WARN_UNDECLARED_SELECTOR = YES;
				GCC_WARN_UNINITIALIZED_AUTOS = YES_AGGRESSIVE;
				GCC_WARN_UNUSED_FUNCTION = YES;
				GCC_WARN_UNUSED_VARIABLE = YES;
				IPHONEOS_DEPLOYMENT_TARGET = 13.2;
				MTL_ENABLE_DEBUG_INFO = INCLUDE_SOURCE;
				MTL_FAST_MATH = YES;
				ONLY_ACTIVE_ARCH = YES;
				SDKROOT = iphoneos;
				SWIFT_ACTIVE_COMPILATION_CONDITIONS = DEBUG;
				SWIFT_OPTIMIZATION_LEVEL = "-Onone";
			};
			name = Debug;
		};
		D9E34FAA244459AE00626EBA /* Release */ = {
			isa = XCBuildConfiguration;
			buildSettings = {
				ALWAYS_SEARCH_USER_PATHS = NO;
				CLANG_ANALYZER_NONNULL = YES;
				CLANG_ANALYZER_NUMBER_OBJECT_CONVERSION = YES_AGGRESSIVE;
				CLANG_CXX_LANGUAGE_STANDARD = "gnu++14";
				CLANG_CXX_LIBRARY = "libc++";
				CLANG_ENABLE_MODULES = YES;
				CLANG_ENABLE_OBJC_ARC = YES;
				CLANG_ENABLE_OBJC_WEAK = YES;
				CLANG_WARN_BLOCK_CAPTURE_AUTORELEASING = YES;
				CLANG_WARN_BOOL_CONVERSION = YES;
				CLANG_WARN_COMMA = YES;
				CLANG_WARN_CONSTANT_CONVERSION = YES;
				CLANG_WARN_DEPRECATED_OBJC_IMPLEMENTATIONS = YES;
				CLANG_WARN_DIRECT_OBJC_ISA_USAGE = YES_ERROR;
				CLANG_WARN_DOCUMENTATION_COMMENTS = YES;
				CLANG_WARN_EMPTY_BODY = YES;
				CLANG_WARN_ENUM_CONVERSION = YES;
				CLANG_WARN_INFINITE_RECURSION = YES;
				CLANG_WARN_INT_CONVERSION = YES;
				CLANG_WARN_NON_LITERAL_NULL_CONVERSION = YES;
				CLANG_WARN_OBJC_IMPLICIT_RETAIN_SELF = YES;
				CLANG_WARN_OBJC_LITERAL_CONVERSION = YES;
				CLANG_WARN_OBJC_ROOT_CLASS = YES_ERROR;
				CLANG_WARN_RANGE_LOOP_ANALYSIS = YES;
				CLANG_WARN_STRICT_PROTOTYPES = YES;
				CLANG_WARN_SUSPICIOUS_MOVE = YES;
				CLANG_WARN_UNGUARDED_AVAILABILITY = YES_AGGRESSIVE;
				CLANG_WARN_UNREACHABLE_CODE = YES;
				CLANG_WARN__DUPLICATE_METHOD_MATCH = YES;
				COPY_PHASE_STRIP = NO;
				DEBUG_INFORMATION_FORMAT = "dwarf-with-dsym";
				ENABLE_NS_ASSERTIONS = NO;
				ENABLE_STRICT_OBJC_MSGSEND = YES;
				GCC_C_LANGUAGE_STANDARD = gnu11;
				GCC_NO_COMMON_BLOCKS = YES;
				GCC_WARN_64_TO_32_BIT_CONVERSION = YES;
				GCC_WARN_ABOUT_RETURN_TYPE = YES_ERROR;
				GCC_WARN_UNDECLARED_SELECTOR = YES;
				GCC_WARN_UNINITIALIZED_AUTOS = YES_AGGRESSIVE;
				GCC_WARN_UNUSED_FUNCTION = YES;
				GCC_WARN_UNUSED_VARIABLE = YES;
				IPHONEOS_DEPLOYMENT_TARGET = 13.2;
				MTL_ENABLE_DEBUG_INFO = NO;
				MTL_FAST_MATH = YES;
				SDKROOT = iphoneos;
				SWIFT_COMPILATION_MODE = wholemodule;
				SWIFT_OPTIMIZATION_LEVEL = "-O";
				VALIDATE_PRODUCT = YES;
			};
			name = Release;
		};
		D9E34FAC244459AE00626EBA /* Debug */ = {
			isa = XCBuildConfiguration;
			baseConfigurationReference = 065170C298C2005CE32CED59 /* Pods-MatchingService.debug.xcconfig */;
			buildSettings = {
				ASSETCATALOG_COMPILER_APPICON_NAME = AppIcon;
				CODE_SIGN_STYLE = Automatic;
				CURRENT_PROJECT_VERSION = 1.0;
				DEVELOPMENT_TEAM = 2F465AG84W;
				INFOPLIST_FILE = "MatchingService/supporting files/Info.plist";
				LD_RUNPATH_SEARCH_PATHS = (
					"$(inherited)",
					"@executable_path/Frameworks",
				);
				MARKETING_VERSION = 1.0;
				PRODUCT_BUNDLE_IDENTIFIER = com.matching.MatchingService;
				PRODUCT_NAME = "$(TARGET_NAME)";
				SWIFT_VERSION = 5.0;
				TARGETED_DEVICE_FAMILY = 1;
			};
			name = Debug;
		};
		D9E34FAD244459AE00626EBA /* Release */ = {
			isa = XCBuildConfiguration;
			baseConfigurationReference = DB1B97431C4F0A722F3AC775 /* Pods-MatchingService.release.xcconfig */;
			buildSettings = {
				ASSETCATALOG_COMPILER_APPICON_NAME = AppIcon;
				CODE_SIGN_STYLE = Automatic;
				CURRENT_PROJECT_VERSION = 1.0;
				DEVELOPMENT_TEAM = 2F465AG84W;
				INFOPLIST_FILE = "MatchingService/supporting files/Info.plist";
				LD_RUNPATH_SEARCH_PATHS = (
					"$(inherited)",
					"@executable_path/Frameworks",
				);
				MARKETING_VERSION = 1.0;
				PRODUCT_BUNDLE_IDENTIFIER = com.matching.MatchingService;
				PRODUCT_NAME = "$(TARGET_NAME)";
				SWIFT_VERSION = 5.0;
				TARGETED_DEVICE_FAMILY = 1;
			};
			name = Release;
		};
/* End XCBuildConfiguration section */

/* Begin XCConfigurationList section */
		D9E34F92244459AA00626EBA /* Build configuration list for PBXProject "MatchingService" */ = {
			isa = XCConfigurationList;
			buildConfigurations = (
				D9E34FA9244459AE00626EBA /* Debug */,
				D9E34FAA244459AE00626EBA /* Release */,
			);
			defaultConfigurationIsVisible = 0;
			defaultConfigurationName = Release;
		};
		D9E34FAB244459AE00626EBA /* Build configuration list for PBXNativeTarget "MatchingService" */ = {
			isa = XCConfigurationList;
			buildConfigurations = (
				D9E34FAC244459AE00626EBA /* Debug */,
				D9E34FAD244459AE00626EBA /* Release */,
			);
			defaultConfigurationIsVisible = 0;
			defaultConfigurationName = Release;
		};
/* End XCConfigurationList section */
	};
	rootObject = D9E34F8F244459AA00626EBA /* Project object */;
}
