// !$*UTF8*$!
{
	archiveVersion = 1;
	classes = {
	};
	objectVersion = 50;
	objects = {

/* Begin PBXBuildFile section */
		D9E34F9B244459AA00626EBA /* AppDelegate.swift in Sources */ = {isa = PBXBuildFile; fileRef = D9E34F9A244459AA00626EBA /* AppDelegate.swift */; };
		D9E34F9D244459AA00626EBA /* SceneDelegate.swift in Sources */ = {isa = PBXBuildFile; fileRef = D9E34F9C244459AA00626EBA /* SceneDelegate.swift */; };
		D9E34F9F244459AA00626EBA /* ViewController.swift in Sources */ = {isa = PBXBuildFile; fileRef = D9E34F9E244459AA00626EBA /* ViewController.swift */; };
		D9E34FA2244459AA00626EBA /* Main.storyboard in Resources */ = {isa = PBXBuildFile; fileRef = D9E34FA0244459AA00626EBA /* Main.storyboard */; };
		D9E34FA4244459AE00626EBA /* Assets.xcassets in Resources */ = {isa = PBXBuildFile; fileRef = D9E34FA3244459AE00626EBA /* Assets.xcassets */; };
		D9E34FA7244459AE00626EBA /* LaunchScreen.storyboard in Resources */ = {isa = PBXBuildFile; fileRef = D9E34FA5244459AE00626EBA /* LaunchScreen.storyboard */; };
/* End PBXBuildFile section */

/* Begin PBXFileReference section */
		D9E34F97244459AA00626EBA /* MatchingService.app */ = {isa = PBXFileReference; explicitFileType = wrapper.application; includeInIndex = 0; path = MatchingService.app; sourceTree = BUILT_PRODUCTS_DIR; };
		D9E34F9A244459AA00626EBA /* AppDelegate.swift */ = {isa = PBXFileReference; lastKnownFileType = sourcecode.swift; path = AppDelegate.swift; sourceTree = "<group>"; };
		D9E34F9C244459AA00626EBA /* SceneDelegate.swift */ = {isa = PBXFileReference; lastKnownFileType = sourcecode.swift; path = SceneDelegate.swift; sourceTree = "<group>"; };
		D9E34F9E244459AA00626EBA /* ViewController.swift */ = {isa = PBXFileReference; lastKnownFileType = sourcecode.swift; path = ViewController.swift; sourceTree = "<group>"; };
		D9E34FA1244459AA00626EBA /* Base */ = {isa = PBXFileReference; lastKnownFileType = file.storyboard; name = Base; path = Base.lproj/Main.storyboard; sourceTree = "<group>"; };
		D9E34FA3244459AE00626EBA /* Assets.xcassets */ = {isa = PBXFileReference; lastKnownFileType = folder.assetcatalog; path = Assets.xcassets; sourceTree = "<group>"; };
		D9E34FA6244459AE00626EBA /* Base */ = {isa = PBXFileReference; lastKnownFileType = file.storyboard; name = Base; path = Base.lproj/LaunchScreen.storyboard; sourceTree = "<group>"; };
		D9E34FA8244459AE00626EBA /* Info.plist */ = {isa = PBXFileReference; lastKnownFileType = text.plist.xml; path = Info.plist; sourceTree = "<group>"; };
/* End PBXFileReference section */

/* Begin PBXFrameworksBuildPhase section */
		D9E34F94244459AA00626EBA /* Frameworks */ = {
			isa = PBXFrameworksBuildPhase;
			buildActionMask = 2147483647;
			files = (
			);
			runOnlyForDeploymentPostprocessing = 0;
		};
/* End PBXFrameworksBuildPhase section */

/* Begin PBXGroup section */
		D9E34F8E244459AA00626EBA = {
			isa = PBXGroup;
			children = (
				D9E34F99244459AA00626EBA /* MatchingService */,
				D9E34F98244459AA00626EBA /* Products */,
			);
			sourceTree = "<group>";
		};
		D9E34F98244459AA00626EBA /* Products */ = {
			isa = PBXGroup;
			children = (
				D9E34F97244459AA00626EBA /* MatchingService.app */,
			);
			name = Products;
			sourceTree = "<group>";
		};
		D9E34F99244459AA00626EBA /* MatchingService */ = {
			isa = PBXGroup;
			children = (
				D9E34FB0244459C800626EBA /* networking */,
				D9E34FAF244459C200626EBA /* storyboards */,
				D9E34FAE244459B600626EBA /* view controllers */,
				D9E34FB1244459CF00626EBA /* supporting files */,
			);
			path = MatchingService;
			sourceTree = "<group>";
		};
		D9E34FAE244459B600626EBA /* view controllers */ = {
			isa = PBXGroup;
			children = (
				D9E34F9E244459AA00626EBA /* ViewController.swift */,
			);
			path = "view controllers";
			sourceTree = "<group>";
		};
		D9E34FAF244459C200626EBA /* storyboards */ = {
			isa = PBXGroup;
			children = (
				D9E34FA0244459AA00626EBA /* Main.storyboard */,
			);
			path = storyboards;
			sourceTree = "<group>";
		};
		D9E34FB0244459C800626EBA /* networking */ = {
			isa = PBXGroup;
			children = (
			);
			path = networking;
			sourceTree = "<group>";
		};
		D9E34FB1244459CF00626EBA /* supporting files */ = {
			isa = PBXGroup;
			children = (
				D9E34F9A244459AA00626EBA /* AppDelegate.swift */,
				D9E34F9C244459AA00626EBA /* SceneDelegate.swift */,
				D9E34FA3244459AE00626EBA /* Assets.xcassets */,
				D9E34FA5244459AE00626EBA /* LaunchScreen.storyboard */,
				D9E34FA8244459AE00626EBA /* Info.plist */,
			);
			path = "supporting files";
			sourceTree = "<group>";
		};
/* End PBXGroup section */

/* Begin PBXNativeTarget section */
		D9E34F96244459AA00626EBA /* MatchingService */ = {
			isa = PBXNativeTarget;
			buildConfigurationList = D9E34FAB244459AE00626EBA /* Build configuration list for PBXNativeTarget "MatchingService" */;
			buildPhases = (
				D9E34F93244459AA00626EBA /* Sources */,
				D9E34F94244459AA00626EBA /* Frameworks */,
				D9E34F95244459AA00626EBA /* Resources */,
			);
			buildRules = (
			);
			dependencies = (
			);
			name = MatchingService;
			productName = MatchingService;
			productReference = D9E34F97244459AA00626EBA /* MatchingService.app */;
			productType = "com.apple.product-type.application";
		};
/* End PBXNativeTarget section */

/* Begin PBXProject section */
		D9E34F8F244459AA00626EBA /* Project object */ = {
			isa = PBXProject;
			attributes = {
				LastSwiftUpdateCheck = 1130;
				LastUpgradeCheck = 1130;
				ORGANIZATIONNAME = zhi;
				TargetAttributes = {
					D9E34F96244459AA00626EBA = {
						CreatedOnToolsVersion = 11.3;
					};
				};
			};
			buildConfigurationList = D9E34F92244459AA00626EBA /* Build configuration list for PBXProject "MatchingService" */;
			compatibilityVersion = "Xcode 9.3";
			developmentRegion = en;
			hasScannedForEncodings = 0;
			knownRegions = (
				en,
				Base,
			);
			mainGroup = D9E34F8E244459AA00626EBA;
			productRefGroup = D9E34F98244459AA00626EBA /* Products */;
			projectDirPath = "";
			projectRoot = "";
			targets = (
				D9E34F96244459AA00626EBA /* MatchingService */,
			);
		};
/* End PBXProject section */

/* Begin PBXResourcesBuildPhase section */
		D9E34F95244459AA00626EBA /* Resources */ = {
			isa = PBXResourcesBuildPhase;
			buildActionMask = 2147483647;
			files = (
				D9E34FA7244459AE00626EBA /* LaunchScreen.storyboard in Resources */,
				D9E34FA4244459AE00626EBA /* Assets.xcassets in Resources */,
				D9E34FA2244459AA00626EBA /* Main.storyboard in Resources */,
			);
			runOnlyForDeploymentPostprocessing = 0;
		};
/* End PBXResourcesBuildPhase section */

/* Begin PBXSourcesBuildPhase section */
		D9E34F93244459AA00626EBA /* Sources */ = {
			isa = PBXSourcesBuildPhase;
			buildActionMask = 2147483647;
			files = (
				D9E34F9F244459AA00626EBA /* ViewController.swift in Sources */,
				D9E34F9B244459AA00626EBA /* AppDelegate.swift in Sources */,
				D9E34F9D244459AA00626EBA /* SceneDelegate.swift in Sources */,
			);
			runOnlyForDeploymentPostprocessing = 0;
		};
/* End PBXSourcesBuildPhase section */

/* Begin PBXVariantGroup section */
		D9E34FA0244459AA00626EBA /* Main.storyboard */ = {
			isa = PBXVariantGroup;
			children = (
				D9E34FA1244459AA00626EBA /* Base */,
			);
			name = Main.storyboard;
			sourceTree = "<group>";
		};
		D9E34FA5244459AE00626EBA /* LaunchScreen.storyboard */ = {
			isa = PBXVariantGroup;
			children = (
				D9E34FA6244459AE00626EBA /* Base */,
			);
			name = LaunchScreen.storyboard;
			sourceTree = "<group>";
		};
/* End PBXVariantGroup section */

/* Begin XCBuildConfiguration section */
		D9E34FA9244459AE00626EBA /* Debug */ = {
			isa = XCBuildConfiguration;
			buildSettings = {
				ALWAYS_SEARCH_USER_PATHS = NO;
				CLANG_ANALYZER_NONNULL = YES;
				CLANG_ANALYZER_NUMBER_OBJECT_CONVERSION = YES_AGGRESSIVE;
				CLANG_CXX_LANGUAGE_STANDARD = "gnu++14";
				CLANG_CXX_LIBRARY = "libc++";
				CLANG_ENABLE_MODULES = YES;
				CLANG_ENABLE_OBJC_ARC = YES;
				CLANG_ENABLE_OBJC_WEAK = YES;
				CLANG_WARN_BLOCK_CAPTURE_AUTORELEASING = YES;
				CLANG_WARN_BOOL_CONVERSION = YES;
				CLANG_WARN_COMMA = YES;
				CLANG_WARN_CONSTANT_CONVERSION = YES;
				CLANG_WARN_DEPRECATED_OBJC_IMPLEMENTATIONS = YES;
				CLANG_WARN_DIRECT_OBJC_ISA_USAGE = YES_ERROR;
				CLANG_WARN_DOCUMENTATION_COMMENTS = YES;
				CLANG_WARN_EMPTY_BODY = YES;
				CLANG_WARN_ENUM_CONVERSION = YES;
				CLANG_WARN_INFINITE_RECURSION = YES;
				CLANG_WARN_INT_CONVERSION = YES;
				CLANG_WARN_NON_LITERAL_NULL_CONVERSION = YES;
				CLANG_WARN_OBJC_IMPLICIT_RETAIN_SELF = YES;
				CLANG_WARN_OBJC_LITERAL_CONVERSION = YES;
				CLANG_WARN_OBJC_ROOT_CLASS = YES_ERROR;
				CLANG_WARN_RANGE_LOOP_ANALYSIS = YES;
				CLANG_WARN_STRICT_PROTOTYPES = YES;
				CLANG_WARN_SUSPICIOUS_MOVE = YES;
				CLANG_WARN_UNGUARDED_AVAILABILITY = YES_AGGRESSIVE;
				CLANG_WARN_UNREACHABLE_CODE = YES;
				CLANG_WARN__DUPLICATE_METHOD_MATCH = YES;
				COPY_PHASE_STRIP = NO;
				DEBUG_INFORMATION_FORMAT = dwarf;
				ENABLE_STRICT_OBJC_MSGSEND = YES;
				ENABLE_TESTABILITY = YES;
				GCC_C_LANGUAGE_STANDARD = gnu11;
				GCC_DYNAMIC_NO_PIC = NO;
				GCC_NO_COMMON_BLOCKS = YES;
				GCC_OPTIMIZATION_LEVEL = 0;
				GCC_PREPROCESSOR_DEFINITIONS = (
					"DEBUG=1",
					"$(inherited)",
				);
				GCC_WARN_64_TO_32_BIT_CONVERSION = YES;
				GCC_WARN_ABOUT_RETURN_TYPE = YES_ERROR;
				GCC_WARN_UNDECLARED_SELECTOR = YES;
				GCC_WARN_UNINITIALIZED_AUTOS = YES_AGGRESSIVE;
				GCC_WARN_UNUSED_FUNCTION = YES;
				GCC_WARN_UNUSED_VARIABLE = YES;
				IPHONEOS_DEPLOYMENT_TARGET = 13.2;
				MTL_ENABLE_DEBUG_INFO = INCLUDE_SOURCE;
				MTL_FAST_MATH = YES;
				ONLY_ACTIVE_ARCH = YES;
				SDKROOT = iphoneos;
				SWIFT_ACTIVE_COMPILATION_CONDITIONS = DEBUG;
				SWIFT_OPTIMIZATION_LEVEL = "-Onone";
			};
			name = Debug;
		};
		D9E34FAA244459AE00626EBA /* Release */ = {
			isa = XCBuildConfiguration;
			buildSettings = {
				ALWAYS_SEARCH_USER_PATHS = NO;
				CLANG_ANALYZER_NONNULL = YES;
				CLANG_ANALYZER_NUMBER_OBJECT_CONVERSION = YES_AGGRESSIVE;
				CLANG_CXX_LANGUAGE_STANDARD = "gnu++14";
				CLANG_CXX_LIBRARY = "libc++";
				CLANG_ENABLE_MODULES = YES;
				CLANG_ENABLE_OBJC_ARC = YES;
				CLANG_ENABLE_OBJC_WEAK = YES;
				CLANG_WARN_BLOCK_CAPTURE_AUTORELEASING = YES;
				CLANG_WARN_BOOL_CONVERSION = YES;
				CLANG_WARN_COMMA = YES;
				CLANG_WARN_CONSTANT_CONVERSION = YES;
				CLANG_WARN_DEPRECATED_OBJC_IMPLEMENTATIONS = YES;
				CLANG_WARN_DIRECT_OBJC_ISA_USAGE = YES_ERROR;
				CLANG_WARN_DOCUMENTATION_COMMENTS = YES;
				CLANG_WARN_EMPTY_BODY = YES;
				CLANG_WARN_ENUM_CONVERSION = YES;
				CLANG_WARN_INFINITE_RECURSION = YES;
				CLANG_WARN_INT_CONVERSION = YES;
				CLANG_WARN_NON_LITERAL_NULL_CONVERSION = YES;
				CLANG_WARN_OBJC_IMPLICIT_RETAIN_SELF = YES;
				CLANG_WARN_OBJC_LITERAL_CONVERSION = YES;
				CLANG_WARN_OBJC_ROOT_CLASS = YES_ERROR;
				CLANG_WARN_RANGE_LOOP_ANALYSIS = YES;
				CLANG_WARN_STRICT_PROTOTYPES = YES;
				CLANG_WARN_SUSPICIOUS_MOVE = YES;
				CLANG_WARN_UNGUARDED_AVAILABILITY = YES_AGGRESSIVE;
				CLANG_WARN_UNREACHABLE_CODE = YES;
				CLANG_WARN__DUPLICATE_METHOD_MATCH = YES;
				COPY_PHASE_STRIP = NO;
				DEBUG_INFORMATION_FORMAT = "dwarf-with-dsym";
				ENABLE_NS_ASSERTIONS = NO;
				ENABLE_STRICT_OBJC_MSGSEND = YES;
				GCC_C_LANGUAGE_STANDARD = gnu11;
				GCC_NO_COMMON_BLOCKS = YES;
				GCC_WARN_64_TO_32_BIT_CONVERSION = YES;
				GCC_WARN_ABOUT_RETURN_TYPE = YES_ERROR;
				GCC_WARN_UNDECLARED_SELECTOR = YES;
				GCC_WARN_UNINITIALIZED_AUTOS = YES_AGGRESSIVE;
				GCC_WARN_UNUSED_FUNCTION = YES;
				GCC_WARN_UNUSED_VARIABLE = YES;
				IPHONEOS_DEPLOYMENT_TARGET = 13.2;
				MTL_ENABLE_DEBUG_INFO = NO;
				MTL_FAST_MATH = YES;
				SDKROOT = iphoneos;
				SWIFT_COMPILATION_MODE = wholemodule;
				SWIFT_OPTIMIZATION_LEVEL = "-O";
				VALIDATE_PRODUCT = YES;
			};
			name = Release;
		};
		D9E34FAC244459AE00626EBA /* Debug */ = {
			isa = XCBuildConfiguration;
			buildSettings = {
				ASSETCATALOG_COMPILER_APPICON_NAME = AppIcon;
				CODE_SIGN_STYLE = Automatic;
				CURRENT_PROJECT_VERSION = 1.0;
				DEVELOPMENT_TEAM = 2F465AG84W;
				INFOPLIST_FILE = "MatchingService/supporting files/Info.plist";
				LD_RUNPATH_SEARCH_PATHS = (
					"$(inherited)",
					"@executable_path/Frameworks",
				);
				MARKETING_VERSION = 1.0;
				PRODUCT_BUNDLE_IDENTIFIER = com.matching.MatchingService;
				PRODUCT_NAME = "$(TARGET_NAME)";
				SWIFT_VERSION = 5.0;
				TARGETED_DEVICE_FAMILY = 1;
			};
			name = Debug;
		};
		D9E34FAD244459AE00626EBA /* Release */ = {
			isa = XCBuildConfiguration;
			buildSettings = {
				ASSETCATALOG_COMPILER_APPICON_NAME = AppIcon;
				CODE_SIGN_STYLE = Automatic;
				CURRENT_PROJECT_VERSION = 1.0;
				DEVELOPMENT_TEAM = 2F465AG84W;
				INFOPLIST_FILE = "MatchingService/supporting files/Info.plist";
				LD_RUNPATH_SEARCH_PATHS = (
					"$(inherited)",
					"@executable_path/Frameworks",
				);
				MARKETING_VERSION = 1.0;
				PRODUCT_BUNDLE_IDENTIFIER = com.matching.MatchingService;
				PRODUCT_NAME = "$(TARGET_NAME)";
				SWIFT_VERSION = 5.0;
				TARGETED_DEVICE_FAMILY = 1;
			};
			name = Release;
		};
/* End XCBuildConfiguration section */

/* Begin XCConfigurationList section */
		D9E34F92244459AA00626EBA /* Build configuration list for PBXProject "MatchingService" */ = {
			isa = XCConfigurationList;
			buildConfigurations = (
				D9E34FA9244459AE00626EBA /* Debug */,
				D9E34FAA244459AE00626EBA /* Release */,
			);
			defaultConfigurationIsVisible = 0;
			defaultConfigurationName = Release;
		};
		D9E34FAB244459AE00626EBA /* Build configuration list for PBXNativeTarget "MatchingService" */ = {
			isa = XCConfigurationList;
			buildConfigurations = (
				D9E34FAC244459AE00626EBA /* Debug */,
				D9E34FAD244459AE00626EBA /* Release */,
			);
			defaultConfigurationIsVisible = 0;
			defaultConfigurationName = Release;
		};
/* End XCConfigurationList section */
	};
	rootObject = D9E34F8F244459AA00626EBA /* Project object */;
}
